{
  "name": "MUPDF",
  "lockfileVersion": 3,
  "requires": true,
  "packages": {
    "": {
      "dependencies": {
        "mupdf": "^1.3.6"
      }
    },
    "node_modules/mupdf": {
      "version": "1.3.6",
      "resolved": "https://registry.npmjs.org/mupdf/-/mupdf-1.3.6.tgz",
      "integrity": "sha512-HRKjlFiD1aN9u2iX7JCIr6qU6jMnihsQY2GnNVcrXXM1BBh3es1166mjMVsdjnhUfnA2NQr4pJBmUjFCxQ/N4A=="
    }
  }
}
